
Microsoft Visual Studio Solution File, Format Version 12.00
# Visual Studio Version 16
VisualStudioVersion = 16.0.30223.230
MinimumVisualStudioVersion = 15.0.26124.0
Project("{2150E333-8FDC-42A3-9474-1A3956D46DE8}") = "src", "src", "{C9E4BEE0-E68A-4304-B990-63126D6B9C1E}"
EndProject
Project("{9A19103F-16F7-4668-BE54-9A1E7A4F7556}") = "web", "src\web\web.csproj", "{76E04FB2-1966-4DC2-A371-8EE4FF1BBF10}"
EndProject
Project("{E53339B2-1760-4266-BCC7-CA923CBCF16C}") = "docker-compose", "docker-compose.dcproj", "{1B3ED87F-FD3D-46D4-9796-B9974D10F1DA}"
EndProject
Global
	GlobalSection(SolutionConfigurationPlatforms) = preSolution
		Debug|Any CPU = Debug|Any CPU
		Debug|x64 = Debug|x64
		Debug|x86 = Debug|x86
		Release|Any CPU = Release|Any CPU
		Release|x64 = Release|x64
		Release|x86 = Release|x86
	EndGlobalSection
	GlobalSection(ProjectConfigurationPlatforms) = postSolution
		{76E04FB2-1966-4DC2-A371-8EE4FF1BBF10}.Debug|Any CPU.ActiveCfg = Debug|Any CPU
		{76E04FB2-1966-4DC2-A371-8EE4FF1BBF10}.Debug|Any CPU.Build.0 = Debug|Any CPU
		{76E04FB2-1966-4DC2-A371-8EE4FF1BBF10}.Debug|x64.ActiveCfg = Debug|Any CPU
		{76E04FB2-1966-4DC2-A371-8EE4FF1BBF10}.Debug|x64.Build.0 = Debug|Any CPU
		{76E04FB2-1966-4DC2-A371-8EE4FF1BBF10}.Debug|x86.ActiveCfg = Debug|Any CPU
		{76E04FB2-1966-4DC2-A371-8EE4FF1BBF10}.Debug|x86.Build.0 = Debug|Any CPU
		{76E04FB2-1966-4DC2-A371-8EE4FF1BBF10}.Release|Any CPU.ActiveCfg = Release|Any CPU
		{76E04FB2-1966-4DC2-A371-8EE4FF1BBF10}.Release|Any CPU.Build.0 = Release|Any CPU
		{76E04FB2-1966-4DC2-A371-8EE4FF1BBF10}.Release|x64.ActiveCfg = Release|Any CPU
		{76E04FB2-1966-4DC2-A371-8EE4FF1BBF10}.Release|x64.Build.0 = Release|Any CPU
		{76E04FB2-1966-4DC2-A371-8EE4FF1BBF10}.Release|x86.ActiveCfg = Release|Any CPU
		{76E04FB2-1966-4DC2-A371-8EE4FF1BBF10}.Release|x86.Build.0 = Release|Any CPU
		{1B3ED87F-FD3D-46D4-9796-B9974D10F1DA}.Debug|Any CPU.ActiveCfg = Debug|Any CPU
		{1B3ED87F-FD3D-46D4-9796-B9974D10F1DA}.Debug|Any CPU.Build.0 = Debug|Any CPU
		{1B3ED87F-FD3D-46D4-9796-B9974D10F1DA}.Debug|x64.ActiveCfg = Debug|Any CPU
		{1B3ED87F-FD3D-46D4-9796-B9974D10F1DA}.Debug|x64.Build.0 = Debug|Any CPU
		{1B3ED87F-FD3D-46D4-9796-B9974D10F1DA}.Debug|x86.ActiveCfg = Debug|Any CPU
		{1B3ED87F-FD3D-46D4-9796-B9974D10F1DA}.Debug|x86.Build.0 = Debug|Any CPU
		{1B3ED87F-FD3D-46D4-9796-B9974D10F1DA}.Release|Any CPU.ActiveCfg = Release|Any CPU
		{1B3ED87F-FD3D-46D4-9796-B9974D10F1DA}.Release|Any CPU.Build.0 = Release|Any CPU
		{1B3ED87F-FD3D-46D4-9796-B9974D10F1DA}.Release|x64.ActiveCfg = Release|Any CPU
		{1B3ED87F-FD3D-46D4-9796-B9974D10F1DA}.Release|x64.Build.0 = Release|Any CPU
		{1B3ED87F-FD3D-46D4-9796-B9974D10F1DA}.Release|x86.ActiveCfg = Release|Any CPU
		{1B3ED87F-FD3D-46D4-9796-B9974D10F1DA}.Release|x86.Build.0 = Release|Any CPU
	EndGlobalSection
	GlobalSection(SolutionProperties) = preSolution
		HideSolutionNode = FALSE
	EndGlobalSection
	GlobalSection(NestedProjects) = preSolution
		{76E04FB2-1966-4DC2-A371-8EE4FF1BBF10} = {C9E4BEE0-E68A-4304-B990-63126D6B9C1E}
	EndGlobalSection
	GlobalSection(ExtensibilityGlobals) = postSolution
		SolutionGuid = {14D164F0-3F3D-4854-8FC0-9566BF7CB5FD}
	EndGlobalSection
EndGlobal
